
Microsoft Visual Studio Solution File, Format Version 12.00
# Visual Studio Version 16
VisualStudioVersion = 16.0.31729.503
MinimumVisualStudioVersion = 10.0.40219.1
Project("{FAE04EC0-301F-11D3-BF4B-00C04F79EFBC}") = "SalesWebMvc", "SalesWebMvc\SalesWebMvc.csproj", "{AF368E3D-B742-441A-AAE6-03190FC05CB6}"
EndProject
Global
	GlobalSection(SolutionConfigurationPlatforms) = preSolution
		Debug|Any CPU = Debug|Any CPU
		Release|Any CPU = Release|Any CPU
	EndGlobalSection
	GlobalSection(ProjectConfigurationPlatforms) = postSolution
		{AF368E3D-B742-441A-AAE6-03190FC05CB6}.Debug|Any CPU.ActiveCfg = Debug|Any CPU
		{AF368E3D-B742-441A-AAE6-03190FC05CB6}.Debug|Any CPU.Build.0 = Debug|Any CPU
		{AF368E3D-B742-441A-AAE6-03190FC05CB6}.Release|Any CPU.ActiveCfg = Release|Any CPU
		{AF368E3D-B742-441A-AAE6-03190FC05CB6}.Release|Any CPU.Build.0 = Release|Any CPU
	EndGlobalSection
	GlobalSection(SolutionProperties) = preSolution
		HideSolutionNode = FALSE
	EndGlobalSection
	GlobalSection(ExtensibilityGlobals) = postSolution
		SolutionGuid = {4FAE2CED-7457-4522-BCFB-3700CAFFBC0C}
	EndGlobalSection
EndGlobal
